
Microsoft Visual Studio Solution File, Format Version 12.00
# Visual Studio Version 16
VisualStudioVersion = 16.0.30104.148
MinimumVisualStudioVersion = 10.0.40219.1
Project("{FAE04EC0-301F-11D3-BF4B-00C04F79EFBC}") = "ArugaHealthSite", "ArugaHealthSite\ArugaHealthSite.csproj", "{DF4ABF9F-1266-48CA-951E-B7B9CA538189}"
EndProject
Global
	GlobalSection(SolutionConfigurationPlatforms) = preSolution
		Debug|Any CPU = Debug|Any CPU
		Release|Any CPU = Release|Any CPU
	EndGlobalSection
	GlobalSection(ProjectConfigurationPlatforms) = postSolution
		{DF4ABF9F-1266-48CA-951E-B7B9CA538189}.Debug|Any CPU.ActiveCfg = Debug|Any CPU
		{DF4ABF9F-1266-48CA-951E-B7B9CA538189}.Debug|Any CPU.Build.0 = Debug|Any CPU
		{DF4ABF9F-1266-48CA-951E-B7B9CA538189}.Release|Any CPU.ActiveCfg = Release|Any CPU
		{DF4ABF9F-1266-48CA-951E-B7B9CA538189}.Release|Any CPU.Build.0 = Release|Any CPU
	EndGlobalSection
	GlobalSection(SolutionProperties) = preSolution
		HideSolutionNode = FALSE
	EndGlobalSection
	GlobalSection(ExtensibilityGlobals) = postSolution
		SolutionGuid = {61520AA5-0715-41AB-A9B8-7D506F8C7490}
	EndGlobalSection
EndGlobal
